// !$*UTF8*$!
{
	archiveVersion = 1;
	classes = {
	};
	objectVersion = 56;
	objects = {

/* Begin PBXBuildFile section */
		3D4B711D3E310E9AF8A38CF1 /* Pods_neusoftBSDxcodeCloudTest.framework in Frameworks */ = {isa = PBXBuildFile; fileRef = 9CFA372203BC649DE8305B90 /* Pods_neusoftBSDxcodeCloudTest.framework */; };
		63AB61DD2A64D44A004DE92E /* AppDelegate.swift in Sources */ = {isa = PBXBuildFile; fileRef = 63AB61DC2A64D44A004DE92E /* AppDelegate.swift */; };
		63AB61DF2A64D44A004DE92E /* SceneDelegate.swift in Sources */ = {isa = PBXBuildFile; fileRef = 63AB61DE2A64D44A004DE92E /* SceneDelegate.swift */; };
		63AB61E12A64D44A004DE92E /* ViewController.swift in Sources */ = {isa = PBXBuildFile; fileRef = 63AB61E02A64D44A004DE92E /* ViewController.swift */; };
		63AB61E42A64D44A004DE92E /* Main.storyboard in Resources */ = {isa = PBXBuildFile; fileRef = 63AB61E22A64D44A004DE92E /* Main.storyboard */; };
		63AB61E62A64D44B004DE92E /* Assets.xcassets in Resources */ = {isa = PBXBuildFile; fileRef = 63AB61E52A64D44B004DE92E /* Assets.xcassets */; };
		63AB61E92A64D44B004DE92E /* LaunchScreen.storyboard in Resources */ = {isa = PBXBuildFile; fileRef = 63AB61E72A64D44B004DE92E /* LaunchScreen.storyboard */; };
		63AB61F42A64D44B004DE92E /* neusoftBSDxcodeCloudTestTests.swift in Sources */ = {isa = PBXBuildFile; fileRef = 63AB61F32A64D44B004DE92E /* neusoftBSDxcodeCloudTestTests.swift */; };
		63AB61FE2A64D44B004DE92E /* neusoftBSDxcodeCloudTestUITests.swift in Sources */ = {isa = PBXBuildFile; fileRef = 63AB61FD2A64D44B004DE92E /* neusoftBSDxcodeCloudTestUITests.swift */; };
		63AB62002A64D44B004DE92E /* neusoftBSDxcodeCloudTestUITestsLaunchTests.swift in Sources */ = {isa = PBXBuildFile; fileRef = 63AB61FF2A64D44B004DE92E /* neusoftBSDxcodeCloudTestUITestsLaunchTests.swift */; };
		98CA0FC798BB3ACAA04C8B7C /* Pods_neusoftBSDxcodeCloudTestTests.framework in Frameworks */ = {isa = PBXBuildFile; fileRef = 47283C9753B04AC552A91580 /* Pods_neusoftBSDxcodeCloudTestTests.framework */; };
/* End PBXBuildFile section */

/* Begin PBXContainerItemProxy section */
		63AB61F02A64D44B004DE92E /* PBXContainerItemProxy */ = {
			isa = PBXContainerItemProxy;
			containerPortal = 63AB61D12A64D44A004DE92E /* Project object */;
			proxyType = 1;
			remoteGlobalIDString = 63AB61D82A64D44A004DE92E;
			remoteInfo = neusoftBSDxcodeCloudTest;
		};
		63AB61FA2A64D44B004DE92E /* PBXContainerItemProxy */ = {
			isa = PBXContainerItemProxy;
			containerPortal = 63AB61D12A64D44A004DE92E /* Project object */;
			proxyType = 1;
			remoteGlobalIDString = 63AB61D82A64D44A004DE92E;
			remoteInfo = neusoftBSDxcodeCloudTest;
		};
/* End PBXContainerItemProxy section */

/* Begin PBXFileReference section */
		47283C9753B04AC552A91580 /* Pods_neusoftBSDxcodeCloudTestTests.framework */ = {isa = PBXFileReference; explicitFileType = wrapper.framework; includeInIndex = 0; path = Pods_neusoftBSDxcodeCloudTestTests.framework; sourceTree = BUILT_PRODUCTS_DIR; };
		5425D65C613B45E0A4018AA4 /* Pods-neusoftBSDxcodeCloudTestTests.release.xcconfig */ = {isa = PBXFileReference; includeInIndex = 1; lastKnownFileType = text.xcconfig; name = "Pods-neusoftBSDxcodeCloudTestTests.release.xcconfig"; path = "Target Support Files/Pods-neusoftBSDxcodeCloudTestTests/Pods-neusoftBSDxcodeCloudTestTests.release.xcconfig"; sourceTree = "<group>"; };
		63AB61D92A64D44A004DE92E /* neusoftBSDxcodeCloudTest.app */ = {isa = PBXFileReference; explicitFileType = wrapper.application; includeInIndex = 0; path = neusoftBSDxcodeCloudTest.app; sourceTree = BUILT_PRODUCTS_DIR; };
		63AB61DC2A64D44A004DE92E /* AppDelegate.swift */ = {isa = PBXFileReference; lastKnownFileType = sourcecode.swift; path = AppDelegate.swift; sourceTree = "<group>"; };
		63AB61DE2A64D44A004DE92E /* SceneDelegate.swift */ = {isa = PBXFileReference; lastKnownFileType = sourcecode.swift; path = SceneDelegate.swift; sourceTree = "<group>"; };
		63AB61E02A64D44A004DE92E /* ViewController.swift */ = {isa = PBXFileReference; lastKnownFileType = sourcecode.swift; path = ViewController.swift; sourceTree = "<group>"; };
		63AB61E32A64D44A004DE92E /* Base */ = {isa = PBXFileReference; lastKnownFileType = file.storyboard; name = Base; path = Base.lproj/Main.storyboard; sourceTree = "<group>"; };
		63AB61E52A64D44B004DE92E /* Assets.xcassets */ = {isa = PBXFileReference; lastKnownFileType = folder.assetcatalog; path = Assets.xcassets; sourceTree = "<group>"; };
		63AB61E82A64D44B004DE92E /* Base */ = {isa = PBXFileReference; lastKnownFileType = file.storyboard; name = Base; path = Base.lproj/LaunchScreen.storyboard; sourceTree = "<group>"; };
		63AB61EA2A64D44B004DE92E /* Info.plist */ = {isa = PBXFileReference; lastKnownFileType = text.plist.xml; path = Info.plist; sourceTree = "<group>"; };
		63AB61EF2A64D44B004DE92E /* neusoftBSDxcodeCloudTestTests.xctest */ = {isa = PBXFileReference; explicitFileType = wrapper.cfbundle; includeInIndex = 0; path = neusoftBSDxcodeCloudTestTests.xctest; sourceTree = BUILT_PRODUCTS_DIR; };
		63AB61F32A64D44B004DE92E /* neusoftBSDxcodeCloudTestTests.swift */ = {isa = PBXFileReference; lastKnownFileType = sourcecode.swift; path = neusoftBSDxcodeCloudTestTests.swift; sourceTree = "<group>"; };
		63AB61F92A64D44B004DE92E /* neusoftBSDxcodeCloudTestUITests.xctest */ = {isa = PBXFileReference; explicitFileType = wrapper.cfbundle; includeInIndex = 0; path = neusoftBSDxcodeCloudTestUITests.xctest; sourceTree = BUILT_PRODUCTS_DIR; };
		63AB61FD2A64D44B004DE92E /* neusoftBSDxcodeCloudTestUITests.swift */ = {isa = PBXFileReference; lastKnownFileType = sourcecode.swift; path = neusoftBSDxcodeCloudTestUITests.swift; sourceTree = "<group>"; };
		63AB61FF2A64D44B004DE92E /* neusoftBSDxcodeCloudTestUITestsLaunchTests.swift */ = {isa = PBXFileReference; lastKnownFileType = sourcecode.swift; path = neusoftBSDxcodeCloudTestUITestsLaunchTests.swift; sourceTree = "<group>"; };
		9CFA372203BC649DE8305B90 /* Pods_neusoftBSDxcodeCloudTest.framework */ = {isa = PBXFileReference; explicitFileType = wrapper.framework; includeInIndex = 0; path = Pods_neusoftBSDxcodeCloudTest.framework; sourceTree = BUILT_PRODUCTS_DIR; };
		C34D8709ACA2B77BB6263C8B /* Pods-neusoftBSDxcodeCloudTest.debug.xcconfig */ = {isa = PBXFileReference; includeInIndex = 1; lastKnownFileType = text.xcconfig; name = "Pods-neusoftBSDxcodeCloudTest.debug.xcconfig"; path = "Target Support Files/Pods-neusoftBSDxcodeCloudTest/Pods-neusoftBSDxcodeCloudTest.debug.xcconfig"; sourceTree = "<group>"; };
		E7291F8559914681DCCC8D5D /* Pods-neusoftBSDxcodeCloudTest.release.xcconfig */ = {isa = PBXFileReference; includeInIndex = 1; lastKnownFileType = text.xcconfig; name = "Pods-neusoftBSDxcodeCloudTest.release.xcconfig"; path = "Target Support Files/Pods-neusoftBSDxcodeCloudTest/Pods-neusoftBSDxcodeCloudTest.release.xcconfig"; sourceTree = "<group>"; };
		F77F39EDACAAF05A61866F68 /* Pods-neusoftBSDxcodeCloudTestTests.debug.xcconfig */ = {isa = PBXFileReference; includeInIndex = 1; lastKnownFileType = text.xcconfig; name = "Pods-neusoftBSDxcodeCloudTestTests.debug.xcconfig"; path = "Target Support Files/Pods-neusoftBSDxcodeCloudTestTests/Pods-neusoftBSDxcodeCloudTestTests.debug.xcconfig"; sourceTree = "<group>"; };
/* End PBXFileReference section */

/* Begin PBXFrameworksBuildPhase section */
		63AB61D62A64D44A004DE92E /* Frameworks */ = {
			isa = PBXFrameworksBuildPhase;
			buildActionMask = 2147483647;
			files = (
				3D4B711D3E310E9AF8A38CF1 /* Pods_neusoftBSDxcodeCloudTest.framework in Frameworks */,
			);
			runOnlyForDeploymentPostprocessing = 0;
		};
		63AB61EC2A64D44B004DE92E /* Frameworks */ = {
			isa = PBXFrameworksBuildPhase;
			buildActionMask = 2147483647;
			files = (
				98CA0FC798BB3ACAA04C8B7C /* Pods_neusoftBSDxcodeCloudTestTests.framework in Frameworks */,
			);
			runOnlyForDeploymentPostprocessing = 0;
		};
		63AB61F62A64D44B004DE92E /* Frameworks */ = {
			isa = PBXFrameworksBuildPhase;
			buildActionMask = 2147483647;
			files = (
			);
			runOnlyForDeploymentPostprocessing = 0;
		};
/* End PBXFrameworksBuildPhase section */

/* Begin PBXGroup section */
		63AB61D02A64D44A004DE92E = {
			isa = PBXGroup;
			children = (
				63AB61DB2A64D44A004DE92E /* neusoftBSDxcodeCloudTest */,
				63AB61F22A64D44B004DE92E /* neusoftBSDxcodeCloudTestTests */,
				63AB61FC2A64D44B004DE92E /* neusoftBSDxcodeCloudTestUITests */,
				63AB61DA2A64D44A004DE92E /* Products */,
				EDF26DFE9CD125FE7230D21B /* Pods */,
				968B29AB234A8030DDB81A94 /* Frameworks */,
			);
			sourceTree = "<group>";
		};
		63AB61DA2A64D44A004DE92E /* Products */ = {
			isa = PBXGroup;
			children = (
				63AB61D92A64D44A004DE92E /* neusoftBSDxcodeCloudTest.app */,
				63AB61EF2A64D44B004DE92E /* neusoftBSDxcodeCloudTestTests.xctest */,
				63AB61F92A64D44B004DE92E /* neusoftBSDxcodeCloudTestUITests.xctest */,
			);
			name = Products;
			sourceTree = "<group>";
		};
		63AB61DB2A64D44A004DE92E /* neusoftBSDxcodeCloudTest */ = {
			isa = PBXGroup;
			children = (
				63AB61DC2A64D44A004DE92E /* AppDelegate.swift */,
				63AB61DE2A64D44A004DE92E /* SceneDelegate.swift */,
				63AB61E02A64D44A004DE92E /* ViewController.swift */,
				63AB61E22A64D44A004DE92E /* Main.storyboard */,
				63AB61E52A64D44B004DE92E /* Assets.xcassets */,
				63AB61E72A64D44B004DE92E /* LaunchScreen.storyboard */,
				63AB61EA2A64D44B004DE92E /* Info.plist */,
			);
			path = neusoftBSDxcodeCloudTest;
			sourceTree = "<group>";
		};
		63AB61F22A64D44B004DE92E /* neusoftBSDxcodeCloudTestTests */ = {
			isa = PBXGroup;
			children = (
				63AB61F32A64D44B004DE92E /* neusoftBSDxcodeCloudTestTests.swift */,
			);
			path = neusoftBSDxcodeCloudTestTests;
			sourceTree = "<group>";
		};
		63AB61FC2A64D44B004DE92E /* neusoftBSDxcodeCloudTestUITests */ = {
			isa = PBXGroup;
			children = (
				63AB61FD2A64D44B004DE92E /* neusoftBSDxcodeCloudTestUITests.swift */,
				63AB61FF2A64D44B004DE92E /* neusoftBSDxcodeCloudTestUITestsLaunchTests.swift */,
			);
			path = neusoftBSDxcodeCloudTestUITests;
			sourceTree = "<group>";
		};
		968B29AB234A8030DDB81A94 /* Frameworks */ = {
			isa = PBXGroup;
			children = (
				9CFA372203BC649DE8305B90 /* Pods_neusoftBSDxcodeCloudTest.framework */,
				47283C9753B04AC552A91580 /* Pods_neusoftBSDxcodeCloudTestTests.framework */,
			);
			name = Frameworks;
			sourceTree = "<group>";
		};
		EDF26DFE9CD125FE7230D21B /* Pods */ = {
			isa = PBXGroup;
			children = (
				C34D8709ACA2B77BB6263C8B /* Pods-neusoftBSDxcodeCloudTest.debug.xcconfig */,
				E7291F8559914681DCCC8D5D /* Pods-neusoftBSDxcodeCloudTest.release.xcconfig */,
				F77F39EDACAAF05A61866F68 /* Pods-neusoftBSDxcodeCloudTestTests.debug.xcconfig */,
				5425D65C613B45E0A4018AA4 /* Pods-neusoftBSDxcodeCloudTestTests.release.xcconfig */,
			);
			path = Pods;
			sourceTree = "<group>";
		};
/* End PBXGroup section */

/* Begin PBXNativeTarget section */
		63AB61D82A64D44A004DE92E /* neusoftBSDxcodeCloudTest */ = {
			isa = PBXNativeTarget;
			buildConfigurationList = 63AB62032A64D44B004DE92E /* Build configuration list for PBXNativeTarget "neusoftBSDxcodeCloudTest" */;
			buildPhases = (
				CA47D3F6C3C3D38F12333101 /* [CP] Check Pods Manifest.lock */,
				63AB61D52A64D44A004DE92E /* Sources */,
				63AB61D62A64D44A004DE92E /* Frameworks */,
				63AB61D72A64D44A004DE92E /* Resources */,
				636956D82A68FC2B00C89D96 /* Swiftlint */,
			);
			buildRules = (
			);
			dependencies = (
			);
			name = neusoftBSDxcodeCloudTest;
			productName = neusoftBSDxcodeCloudTest;
			productReference = 63AB61D92A64D44A004DE92E /* neusoftBSDxcodeCloudTest.app */;
			productType = "com.apple.product-type.application";
		};
		63AB61EE2A64D44B004DE92E /* neusoftBSDxcodeCloudTestTests */ = {
			isa = PBXNativeTarget;
			buildConfigurationList = 63AB62062A64D44B004DE92E /* Build configuration list for PBXNativeTarget "neusoftBSDxcodeCloudTestTests" */;
			buildPhases = (
				B314FF61B6DF61D2100F9260 /* [CP] Check Pods Manifest.lock */,
				63AB61EB2A64D44B004DE92E /* Sources */,
				63AB61EC2A64D44B004DE92E /* Frameworks */,
				63AB61ED2A64D44B004DE92E /* Resources */,
			);
			buildRules = (
			);
			dependencies = (
				63AB61F12A64D44B004DE92E /* PBXTargetDependency */,
			);
			name = neusoftBSDxcodeCloudTestTests;
			productName = neusoftBSDxcodeCloudTestTests;
			productReference = 63AB61EF2A64D44B004DE92E /* neusoftBSDxcodeCloudTestTests.xctest */;
			productType = "com.apple.product-type.bundle.unit-test";
		};
		63AB61F82A64D44B004DE92E /* neusoftBSDxcodeCloudTestUITests */ = {
			isa = PBXNativeTarget;
			buildConfigurationList = 63AB62092A64D44B004DE92E /* Build configuration list for PBXNativeTarget "neusoftBSDxcodeCloudTestUITests" */;
			buildPhases = (
				63AB61F52A64D44B004DE92E /* Sources */,
				63AB61F62A64D44B004DE92E /* Frameworks */,
				63AB61F72A64D44B004DE92E /* Resources */,
			);
			buildRules = (
			);
			dependencies = (
				63AB61FB2A64D44B004DE92E /* PBXTargetDependency */,
			);
			name = neusoftBSDxcodeCloudTestUITests;
			productName = neusoftBSDxcodeCloudTestUITests;
			productReference = 63AB61F92A64D44B004DE92E /* neusoftBSDxcodeCloudTestUITests.xctest */;
			productType = "com.apple.product-type.bundle.ui-testing";
		};
/* End PBXNativeTarget section */

/* Begin PBXProject section */
		63AB61D12A64D44A004DE92E /* Project object */ = {
			isa = PBXProject;
			attributes = {
				BuildIndependentTargetsInParallel = 1;
				LastSwiftUpdateCheck = 1430;
				LastUpgradeCheck = 1430;
				TargetAttributes = {
					63AB61D82A64D44A004DE92E = {
						CreatedOnToolsVersion = 14.3.1;
					};
					63AB61EE2A64D44B004DE92E = {
						CreatedOnToolsVersion = 14.3.1;
						TestTargetID = 63AB61D82A64D44A004DE92E;
					};
					63AB61F82A64D44B004DE92E = {
						CreatedOnToolsVersion = 14.3.1;
						TestTargetID = 63AB61D82A64D44A004DE92E;
					};
				};
			};
			buildConfigurationList = 63AB61D42A64D44A004DE92E /* Build configuration list for PBXProject "neusoftBSDxcodeCloudTest" */;
			compatibilityVersion = "Xcode 14.0";
			developmentRegion = en;
			hasScannedForEncodings = 0;
			knownRegions = (
				en,
				Base,
			);
			mainGroup = 63AB61D02A64D44A004DE92E;
			productRefGroup = 63AB61DA2A64D44A004DE92E /* Products */;
			projectDirPath = "";
			projectRoot = "";
			targets = (
				63AB61D82A64D44A004DE92E /* neusoftBSDxcodeCloudTest */,
				63AB61EE2A64D44B004DE92E /* neusoftBSDxcodeCloudTestTests */,
				63AB61F82A64D44B004DE92E /* neusoftBSDxcodeCloudTestUITests */,
			);
		};
/* End PBXProject section */

/* Begin PBXResourcesBuildPhase section */
		63AB61D72A64D44A004DE92E /* Resources */ = {
			isa = PBXResourcesBuildPhase;
			buildActionMask = 2147483647;
			files = (
				63AB61E92A64D44B004DE92E /* LaunchScreen.storyboard in Resources */,
				63AB61E62A64D44B004DE92E /* Assets.xcassets in Resources */,
				63AB61E42A64D44A004DE92E /* Main.storyboard in Resources */,
			);
			runOnlyForDeploymentPostprocessing = 0;
		};
		63AB61ED2A64D44B004DE92E /* Resources */ = {
			isa = PBXResourcesBuildPhase;
			buildActionMask = 2147483647;
			files = (
			);
			runOnlyForDeploymentPostprocessing = 0;
		};
		63AB61F72A64D44B004DE92E /* Resources */ = {
			isa = PBXResourcesBuildPhase;
			buildActionMask = 2147483647;
			files = (
			);
			runOnlyForDeploymentPostprocessing = 0;
		};
/* End PBXResourcesBuildPhase section */

/* Begin PBXShellScriptBuildPhase section */
		636956D82A68FC2B00C89D96 /* Swiftlint */ = {
			isa = PBXShellScriptBuildPhase;
			buildActionMask = 2147483647;
			files = (
			);
			inputFileListPaths = (
			);
			inputPaths = (
			);
			name = Swiftlint;
			outputFileListPaths = (
			);
			outputPaths = (
			);
			runOnlyForDeploymentPostprocessing = 0;
			shellPath = /bin/sh;
			shellScript = "\"${PODS_ROOT}/SwiftLint/swiftlint\"\n";
		};
		B314FF61B6DF61D2100F9260 /* [CP] Check Pods Manifest.lock */ = {
			isa = PBXShellScriptBuildPhase;
			buildActionMask = 2147483647;
			files = (
			);
			inputFileListPaths = (
			);
			inputPaths = (
				"${PODS_PODFILE_DIR_PATH}/Podfile.lock",
				"${PODS_ROOT}/Manifest.lock",
			);
			name = "[CP] Check Pods Manifest.lock";
			outputFileListPaths = (
			);
			outputPaths = (
				"$(DERIVED_FILE_DIR)/Pods-neusoftBSDxcodeCloudTestTests-checkManifestLockResult.txt",
			);
			runOnlyForDeploymentPostprocessing = 0;
			shellPath = /bin/sh;
			shellScript = "diff \"${PODS_PODFILE_DIR_PATH}/Podfile.lock\" \"${PODS_ROOT}/Manifest.lock\" > /dev/null\nif [ $? != 0 ] ; then\n    # print error to STDERR\n    echo \"error: The sandbox is not in sync with the Podfile.lock. Run 'pod install' or update your CocoaPods installation.\" >&2\n    exit 1\nfi\n# This output is used by Xcode 'outputs' to avoid re-running this script phase.\necho \"SUCCESS\" > \"${SCRIPT_OUTPUT_FILE_0}\"\n";
			showEnvVarsInLog = 0;
		};
		CA47D3F6C3C3D38F12333101 /* [CP] Check Pods Manifest.lock */ = {
			isa = PBXShellScriptBuildPhase;
			buildActionMask = 2147483647;
			files = (
			);
			inputFileListPaths = (
			);
			inputPaths = (
				"${PODS_PODFILE_DIR_PATH}/Podfile.lock",
				"${PODS_ROOT}/Manifest.lock",
			);
			name = "[CP] Check Pods Manifest.lock";
			outputFileListPaths = (
			);
			outputPaths = (
				"$(DERIVED_FILE_DIR)/Pods-neusoftBSDxcodeCloudTest-checkManifestLockResult.txt",
			);
			runOnlyForDeploymentPostprocessing = 0;
			shellPath = /bin/sh;
			shellScript = "diff \"${PODS_PODFILE_DIR_PATH}/Podfile.lock\" \"${PODS_ROOT}/Manifest.lock\" > /dev/null\nif [ $? != 0 ] ; then\n    # print error to STDERR\n    echo \"error: The sandbox is not in sync with the Podfile.lock. Run 'pod install' or update your CocoaPods installation.\" >&2\n    exit 1\nfi\n# This output is used by Xcode 'outputs' to avoid re-running this script phase.\necho \"SUCCESS\" > \"${SCRIPT_OUTPUT_FILE_0}\"\n";
			showEnvVarsInLog = 0;
		};
/* End PBXShellScriptBuildPhase section */

/* Begin PBXSourcesBuildPhase section */
		63AB61D52A64D44A004DE92E /* Sources */ = {
			isa = PBXSourcesBuildPhase;
			buildActionMask = 2147483647;
			files = (
				63AB61E12A64D44A004DE92E /* ViewController.swift in Sources */,
				63AB61DD2A64D44A004DE92E /* AppDelegate.swift in Sources */,
				63AB61DF2A64D44A004DE92E /* SceneDelegate.swift in Sources */,
			);
			runOnlyForDeploymentPostprocessing = 0;
		};
		63AB61EB2A64D44B004DE92E /* Sources */ = {
			isa = PBXSourcesBuildPhase;
			buildActionMask = 2147483647;
			files = (
				63AB61F42A64D44B004DE92E /* neusoftBSDxcodeCloudTestTests.swift in Sources */,
			);
			runOnlyForDeploymentPostprocessing = 0;
		};
		63AB61F52A64D44B004DE92E /* Sources */ = {
			isa = PBXSourcesBuildPhase;
			buildActionMask = 2147483647;
			files = (
				63AB61FE2A64D44B004DE92E /* neusoftBSDxcodeCloudTestUITests.swift in Sources */,
				63AB62002A64D44B004DE92E /* neusoftBSDxcodeCloudTestUITestsLaunchTests.swift in Sources */,
			);
			runOnlyForDeploymentPostprocessing = 0;
		};
/* End PBXSourcesBuildPhase section */

/* Begin PBXTargetDependency section */
		63AB61F12A64D44B004DE92E /* PBXTargetDependency */ = {
			isa = PBXTargetDependency;
			target = 63AB61D82A64D44A004DE92E /* neusoftBSDxcodeCloudTest */;
			targetProxy = 63AB61F02A64D44B004DE92E /* PBXContainerItemProxy */;
		};
		63AB61FB2A64D44B004DE92E /* PBXTargetDependency */ = {
			isa = PBXTargetDependency;
			target = 63AB61D82A64D44A004DE92E /* neusoftBSDxcodeCloudTest */;
			targetProxy = 63AB61FA2A64D44B004DE92E /* PBXContainerItemProxy */;
		};
/* End PBXTargetDependency section */

/* Begin PBXVariantGroup section */
		63AB61E22A64D44A004DE92E /* Main.storyboard */ = {
			isa = PBXVariantGroup;
			children = (
				63AB61E32A64D44A004DE92E /* Base */,
			);
			name = Main.storyboard;
			sourceTree = "<group>";
		};
		63AB61E72A64D44B004DE92E /* LaunchScreen.storyboard */ = {
			isa = PBXVariantGroup;
			children = (
				63AB61E82A64D44B004DE92E /* Base */,
			);
			name = LaunchScreen.storyboard;
			sourceTree = "<group>";
		};
/* End PBXVariantGroup section */

/* Begin XCBuildConfiguration section */
		63AB62012A64D44B004DE92E /* Debug */ = {
			isa = XCBuildConfiguration;
			buildSettings = {
				ALWAYS_SEARCH_USER_PATHS = NO;
				CLANG_ANALYZER_NONNULL = YES;
				CLANG_ANALYZER_NUMBER_OBJECT_CONVERSION = YES_AGGRESSIVE;
				CLANG_CXX_LANGUAGE_STANDARD = "gnu++20";
				CLANG_ENABLE_MODULES = YES;
				CLANG_ENABLE_OBJC_ARC = YES;
				CLANG_ENABLE_OBJC_WEAK = YES;
				CLANG_WARN_BLOCK_CAPTURE_AUTORELEASING = YES;
				CLANG_WARN_BOOL_CONVERSION = YES;
				CLANG_WARN_COMMA = YES;
				CLANG_WARN_CONSTANT_CONVERSION = YES;
				CLANG_WARN_DEPRECATED_OBJC_IMPLEMENTATIONS = YES;
				CLANG_WARN_DIRECT_OBJC_ISA_USAGE = YES_ERROR;
				CLANG_WARN_DOCUMENTATION_COMMENTS = YES;
				CLANG_WARN_EMPTY_BODY = YES;
				CLANG_WARN_ENUM_CONVERSION = YES;
				CLANG_WARN_INFINITE_RECURSION = YES;
				CLANG_WARN_INT_CONVERSION = YES;
				CLANG_WARN_NON_LITERAL_NULL_CONVERSION = YES;
				CLANG_WARN_OBJC_IMPLICIT_RETAIN_SELF = YES;
				CLANG_WARN_OBJC_LITERAL_CONVERSION = YES;
				CLANG_WARN_OBJC_ROOT_CLASS = YES_ERROR;
				CLANG_WARN_QUOTED_INCLUDE_IN_FRAMEWORK_HEADER = YES;
				CLANG_WARN_RANGE_LOOP_ANALYSIS = YES;
				CLANG_WARN_STRICT_PROTOTYPES = YES;
				CLANG_WARN_SUSPICIOUS_MOVE = YES;
				CLANG_WARN_UNGUARDED_AVAILABILITY = YES_AGGRESSIVE;
				CLANG_WARN_UNREACHABLE_CODE = YES;
				CLANG_WARN__DUPLICATE_METHOD_MATCH = YES;
				COPY_PHASE_STRIP = NO;
				DEBUG_INFORMATION_FORMAT = dwarf;
				ENABLE_STRICT_OBJC_MSGSEND = YES;
				ENABLE_TESTABILITY = YES;
				GCC_C_LANGUAGE_STANDARD = gnu11;
				GCC_DYNAMIC_NO_PIC = NO;
				GCC_NO_COMMON_BLOCKS = YES;
				GCC_OPTIMIZATION_LEVEL = 0;
				GCC_PREPROCESSOR_DEFINITIONS = (
					"DEBUG=1",
					"$(inherited)",
				);
				GCC_WARN_64_TO_32_BIT_CONVERSION = YES;
				GCC_WARN_ABOUT_RETURN_TYPE = YES_ERROR;
				GCC_WARN_UNDECLARED_SELECTOR = YES;
				GCC_WARN_UNINITIALIZED_AUTOS = YES_AGGRESSIVE;
				GCC_WARN_UNUSED_FUNCTION = YES;
				GCC_WARN_UNUSED_VARIABLE = YES;
				IPHONEOS_DEPLOYMENT_TARGET = 16.4;
				MTL_ENABLE_DEBUG_INFO = INCLUDE_SOURCE;
				MTL_FAST_MATH = YES;
				ONLY_ACTIVE_ARCH = YES;
				SDKROOT = iphoneos;
				SWIFT_ACTIVE_COMPILATION_CONDITIONS = DEBUG;
				SWIFT_OPTIMIZATION_LEVEL = "-Onone";
			};
			name = Debug;
		};
		63AB62022A64D44B004DE92E /* Release */ = {
			isa = XCBuildConfiguration;
			buildSettings = {
				ALWAYS_SEARCH_USER_PATHS = NO;
				CLANG_ANALYZER_NONNULL = YES;
				CLANG_ANALYZER_NUMBER_OBJECT_CONVERSION = YES_AGGRESSIVE;
				CLANG_CXX_LANGUAGE_STANDARD = "gnu++20";
				CLANG_ENABLE_MODULES = YES;
				CLANG_ENABLE_OBJC_ARC = YES;
				CLANG_ENABLE_OBJC_WEAK = YES;
				CLANG_WARN_BLOCK_CAPTURE_AUTORELEASING = YES;
				CLANG_WARN_BOOL_CONVERSION = YES;
				CLANG_WARN_COMMA = YES;
				CLANG_WARN_CONSTANT_CONVERSION = YES;
				CLANG_WARN_DEPRECATED_OBJC_IMPLEMENTATIONS = YES;
				CLANG_WARN_DIRECT_OBJC_ISA_USAGE = YES_ERROR;
				CLANG_WARN_DOCUMENTATION_COMMENTS = YES;
				CLANG_WARN_EMPTY_BODY = YES;
				CLANG_WARN_ENUM_CONVERSION = YES;
				CLANG_WARN_INFINITE_RECURSION = YES;
				CLANG_WARN_INT_CONVERSION = YES;
				CLANG_WARN_NON_LITERAL_NULL_CONVERSION = YES;
				CLANG_WARN_OBJC_IMPLICIT_RETAIN_SELF = YES;
				CLANG_WARN_OBJC_LITERAL_CONVERSION = YES;
				CLANG_WARN_OBJC_ROOT_CLASS = YES_ERROR;
				CLANG_WARN_QUOTED_INCLUDE_IN_FRAMEWORK_HEADER = YES;
				CLANG_WARN_RANGE_LOOP_ANALYSIS = YES;
				CLANG_WARN_STRICT_PROTOTYPES = YES;
				CLANG_WARN_SUSPICIOUS_MOVE = YES;
				CLANG_WARN_UNGUARDED_AVAILABILITY = YES_AGGRESSIVE;
				CLANG_WARN_UNREACHABLE_CODE = YES;
				CLANG_WARN__DUPLICATE_METHOD_MATCH = YES;
				COPY_PHASE_STRIP = NO;
				DEBUG_INFORMATION_FORMAT = "dwarf-with-dsym";
				ENABLE_NS_ASSERTIONS = NO;
				ENABLE_STRICT_OBJC_MSGSEND = YES;
				GCC_C_LANGUAGE_STANDARD = gnu11;
				GCC_NO_COMMON_BLOCKS = YES;
				GCC_WARN_64_TO_32_BIT_CONVERSION = YES;
				GCC_WARN_ABOUT_RETURN_TYPE = YES_ERROR;
				GCC_WARN_UNDECLARED_SELECTOR = YES;
				GCC_WARN_UNINITIALIZED_AUTOS = YES_AGGRESSIVE;
				GCC_WARN_UNUSED_FUNCTION = YES;
				GCC_WARN_UNUSED_VARIABLE = YES;
				IPHONEOS_DEPLOYMENT_TARGET = 16.4;
				MTL_ENABLE_DEBUG_INFO = NO;
				MTL_FAST_MATH = YES;
				SDKROOT = iphoneos;
				SWIFT_COMPILATION_MODE = wholemodule;
				SWIFT_OPTIMIZATION_LEVEL = "-O";
				VALIDATE_PRODUCT = YES;
			};
			name = Release;
		};
		63AB62042A64D44B004DE92E /* Debug */ = {
			isa = XCBuildConfiguration;
			baseConfigurationReference = C34D8709ACA2B77BB6263C8B /* Pods-neusoftBSDxcodeCloudTest.debug.xcconfig */;
			buildSettings = {
				ASSETCATALOG_COMPILER_APPICON_NAME = AppIcon;
				ASSETCATALOG_COMPILER_GLOBAL_ACCENT_COLOR_NAME = AccentColor;
				CODE_SIGN_STYLE = Automatic;
				CURRENT_PROJECT_VERSION = 1;
				DEVELOPMENT_TEAM = MCN34247SC;
				GENERATE_INFOPLIST_FILE = YES;
				INFOPLIST_FILE = neusoftBSDxcodeCloudTest/Info.plist;
				INFOPLIST_KEY_UIApplicationSupportsIndirectInputEvents = YES;
				INFOPLIST_KEY_UILaunchStoryboardName = LaunchScreen;
				INFOPLIST_KEY_UIMainStoryboardFile = Main;
				INFOPLIST_KEY_UISupportedInterfaceOrientations_iPad = "UIInterfaceOrientationPortrait UIInterfaceOrientationPortraitUpsideDown UIInterfaceOrientationLandscapeLeft UIInterfaceOrientationLandscapeRight";
				INFOPLIST_KEY_UISupportedInterfaceOrientations_iPhone = "UIInterfaceOrientationPortrait UIInterfaceOrientationLandscapeLeft UIInterfaceOrientationLandscapeRight";
				LD_RUNPATH_SEARCH_PATHS = (
					"$(inherited)",
					"@executable_path/Frameworks",
				);
				MARKETING_VERSION = 1.0;
				PRODUCT_BUNDLE_IDENTIFIER = neusoft.test.neusoftBSDxcodeCloudTest;
				PRODUCT_NAME = "$(TARGET_NAME)";
				SWIFT_EMIT_LOC_STRINGS = YES;
				SWIFT_VERSION = 5.0;
				TARGETED_DEVICE_FAMILY = "1,2";
			};
			name = Debug;
		};
		63AB62052A64D44B004DE92E /* Release */ = {
			isa = XCBuildConfiguration;
			baseConfigurationReference = E7291F8559914681DCCC8D5D /* Pods-neusoftBSDxcodeCloudTest.release.xcconfig */;
			buildSettings = {
				ASSETCATALOG_COMPILER_APPICON_NAME = AppIcon;
				ASSETCATALOG_COMPILER_GLOBAL_ACCENT_COLOR_NAME = AccentColor;
				CODE_SIGN_STYLE = Automatic;
				CURRENT_PROJECT_VERSION = 1;
				DEVELOPMENT_TEAM = MCN34247SC;
				GENERATE_INFOPLIST_FILE = YES;
				INFOPLIST_FILE = neusoftBSDxcodeCloudTest/Info.plist;
				INFOPLIST_KEY_UIApplicationSupportsIndirectInputEvents = YES;
				INFOPLIST_KEY_UILaunchStoryboardName = LaunchScreen;
				INFOPLIST_KEY_UIMainStoryboardFile = Main;
				INFOPLIST_KEY_UISupportedInterfaceOrientations_iPad = "UIInterfaceOrientationPortrait UIInterfaceOrientationPortraitUpsideDown UIInterfaceOrientationLandscapeLeft UIInterfaceOrientationLandscapeRight";
				INFOPLIST_KEY_UISupportedInterfaceOrientations_iPhone = "UIInterfaceOrientationPortrait UIInterfaceOrientationLandscapeLeft UIInterfaceOrientationLandscapeRight";
				LD_RUNPATH_SEARCH_PATHS = (
					"$(inherited)",
					"@executable_path/Frameworks",
				);
				MARKETING_VERSION = 1.0;
				PRODUCT_BUNDLE_IDENTIFIER = neusoft.test.neusoftBSDxcodeCloudTest;
				PRODUCT_NAME = "$(TARGET_NAME)";
				SWIFT_EMIT_LOC_STRINGS = YES;
				SWIFT_VERSION = 5.0;
				TARGETED_DEVICE_FAMILY = "1,2";
			};
			name = Release;
		};
		63AB62072A64D44B004DE92E /* Debug */ = {
			isa = XCBuildConfiguration;
			baseConfigurationReference = F77F39EDACAAF05A61866F68 /* Pods-neusoftBSDxcodeCloudTestTests.debug.xcconfig */;
			buildSettings = {
				ALWAYS_EMBED_SWIFT_STANDARD_LIBRARIES = YES;
				BUNDLE_LOADER = "$(TEST_HOST)";
				CODE_SIGN_STYLE = Automatic;
				CURRENT_PROJECT_VERSION = 1;
				DEVELOPMENT_TEAM = MCN34247SC;
				GENERATE_INFOPLIST_FILE = YES;
				IPHONEOS_DEPLOYMENT_TARGET = 16.4;
				MARKETING_VERSION = 1.0;
				PRODUCT_BUNDLE_IDENTIFIER = neusoft.test.neusoftBSDxcodeCloudTestTests;
				PRODUCT_NAME = "$(TARGET_NAME)";
				SWIFT_EMIT_LOC_STRINGS = NO;
				SWIFT_VERSION = 5.0;
				TARGETED_DEVICE_FAMILY = "1,2";
				TEST_HOST = "$(BUILT_PRODUCTS_DIR)/neusoftBSDxcodeCloudTest.app/$(BUNDLE_EXECUTABLE_FOLDER_PATH)/neusoftBSDxcodeCloudTest";
			};
			name = Debug;
		};
		63AB62082A64D44B004DE92E /* Release */ = {
			isa = XCBuildConfiguration;
			baseConfigurationReference = 5425D65C613B45E0A4018AA4 /* Pods-neusoftBSDxcodeCloudTestTests.release.xcconfig */;
			buildSettings = {
				ALWAYS_EMBED_SWIFT_STANDARD_LIBRARIES = YES;
				BUNDLE_LOADER = "$(TEST_HOST)";
				CODE_SIGN_STYLE = Automatic;
				CURRENT_PROJECT_VERSION = 1;
				DEVELOPMENT_TEAM = MCN34247SC;
				GENERATE_INFOPLIST_FILE = YES;
				IPHONEOS_DEPLOYMENT_TARGET = 16.4;
				MARKETING_VERSION = 1.0;
				PRODUCT_BUNDLE_IDENTIFIER = neusoft.test.neusoftBSDxcodeCloudTestTests;
				PRODUCT_NAME = "$(TARGET_NAME)";
				SWIFT_EMIT_LOC_STRINGS = NO;
				SWIFT_VERSION = 5.0;
				TARGETED_DEVICE_FAMILY = "1,2";
				TEST_HOST = "$(BUILT_PRODUCTS_DIR)/neusoftBSDxcodeCloudTest.app/$(BUNDLE_EXECUTABLE_FOLDER_PATH)/neusoftBSDxcodeCloudTest";
			};
			name = Release;
		};
		63AB620A2A64D44B004DE92E /* Debug */ = {
			isa = XCBuildConfiguration;
			buildSettings = {
				ALWAYS_EMBED_SWIFT_STANDARD_LIBRARIES = YES;
				CODE_SIGN_STYLE = Automatic;
				CURRENT_PROJECT_VERSION = 1;
				DEVELOPMENT_TEAM = MCN34247SC;
				GENERATE_INFOPLIST_FILE = YES;
				MARKETING_VERSION = 1.0;
				PRODUCT_BUNDLE_IDENTIFIER = neusoft.test.neusoftBSDxcodeCloudTestUITests;
				PRODUCT_NAME = "$(TARGET_NAME)";
				SWIFT_EMIT_LOC_STRINGS = NO;
				SWIFT_VERSION = 5.0;
				TARGETED_DEVICE_FAMILY = "1,2";
				TEST_TARGET_NAME = neusoftBSDxcodeCloudTest;
			};
			name = Debug;
		};
		63AB620B2A64D44B004DE92E /* Release */ = {
			isa = XCBuildConfiguration;
			buildSettings = {
				ALWAYS_EMBED_SWIFT_STANDARD_LIBRARIES = YES;
				CODE_SIGN_STYLE = Automatic;
				CURRENT_PROJECT_VERSION = 1;
				DEVELOPMENT_TEAM = MCN34247SC;
				GENERATE_INFOPLIST_FILE = YES;
				MARKETING_VERSION = 1.0;
				PRODUCT_BUNDLE_IDENTIFIER = neusoft.test.neusoftBSDxcodeCloudTestUITests;
				PRODUCT_NAME = "$(TARGET_NAME)";
				SWIFT_EMIT_LOC_STRINGS = NO;
				SWIFT_VERSION = 5.0;
				TARGETED_DEVICE_FAMILY = "1,2";
				TEST_TARGET_NAME = neusoftBSDxcodeCloudTest;
			};
			name = Release;
		};
/* End XCBuildConfiguration section */

/* Begin XCConfigurationList section */
		63AB61D42A64D44A004DE92E /* Build configuration list for PBXProject "neusoftBSDxcodeCloudTest" */ = {
			isa = XCConfigurationList;
			buildConfigurations = (
				63AB62012A64D44B004DE92E /* Debug */,
				63AB62022A64D44B004DE92E /* Release */,
			);
			defaultConfigurationIsVisible = 0;
			defaultConfigurationName = Release;
		};
		63AB62032A64D44B004DE92E /* Build configuration list for PBXNativeTarget "neusoftBSDxcodeCloudTest" */ = {
			isa = XCConfigurationList;
			buildConfigurations = (
				63AB62042A64D44B004DE92E /* Debug */,
				63AB62052A64D44B004DE92E /* Release */,
			);
			defaultConfigurationIsVisible = 0;
			defaultConfigurationName = Release;
		};
		63AB62062A64D44B004DE92E /* Build configuration list for PBXNativeTarget "neusoftBSDxcodeCloudTestTests" */ = {
			isa = XCConfigurationList;
			buildConfigurations = (
				63AB62072A64D44B004DE92E /* Debug */,
				63AB62082A64D44B004DE92E /* Release */,
			);
			defaultConfigurationIsVisible = 0;
			defaultConfigurationName = Release;
		};
		63AB62092A64D44B004DE92E /* Build configuration list for PBXNativeTarget "neusoftBSDxcodeCloudTestUITests" */ = {
			isa = XCConfigurationList;
			buildConfigurations = (
				63AB620A2A64D44B004DE92E /* Debug */,
				63AB620B2A64D44B004DE92E /* Release */,
			);
			defaultConfigurationIsVisible = 0;
			defaultConfigurationName = Release;
		};
/* End XCConfigurationList section */
	};
	rootObject = 63AB61D12A64D44A004DE92E /* Project object */;
}
